
Microsoft Visual Studio Solution File, Format Version 12.00
# Visual Studio Version 17
VisualStudioVersion = 17.0.31903.59
MinimumVisualStudioVersion = 10.0.40219.1
Project("{2150E333-8FDC-42A3-9474-1A3956D46DE8}") = "src", "src", "{827E0CD3-B72D-47B6-A68D-7590B98EB39B}"
EndProject
Project("{FAE04EC0-301F-11D3-BF4B-00C04F79EFBC}") = "ExhibitionLeads.Api", "src\ExhibitionLeads.Api\ExhibitionLeads.Api.csproj", "{F7629FB0-0D51-4F44-8189-8FAAA8AFBAE8}"
EndProject
Project("{FAE04EC0-301F-11D3-BF4B-00C04F79EFBC}") = "ExhibitionLeads.Core", "src\ExhibitionLeads.Core\ExhibitionLeads.Core.csproj", "{50F8002A-39C4-4CCF-A361-FE538EBEBA83}"
EndProject
Project("{FAE04EC0-301F-11D3-BF4B-00C04F79EFBC}") = "ExhibitionLeads.Infrastructure", "src\ExhibitionLeads.Infrastructure\ExhibitionLeads.Infrastructure.csproj", "{F1077577-8FE9-4FA0-94E0-E2A6BCF769E3}"
EndProject
Global
	GlobalSection(SolutionConfigurationPlatforms) = preSolution
		Debug|Any CPU = Debug|Any CPU
		Debug|x64 = Debug|x64
		Debug|x86 = Debug|x86
		Release|Any CPU = Release|Any CPU
		Release|x64 = Release|x64
		Release|x86 = Release|x86
	EndGlobalSection
	GlobalSection(ProjectConfigurationPlatforms) = postSolution
		{F7629FB0-0D51-4F44-8189-8FAAA8AFBAE8}.Debug|Any CPU.ActiveCfg = Debug|Any CPU
		{F7629FB0-0D51-4F44-8189-8FAAA8AFBAE8}.Debug|Any CPU.Build.0 = Debug|Any CPU
		{F7629FB0-0D51-4F44-8189-8FAAA8AFBAE8}.Debug|x64.ActiveCfg = Debug|Any CPU
		{F7629FB0-0D51-4F44-8189-8FAAA8AFBAE8}.Debug|x64.Build.0 = Debug|Any CPU
		{F7629FB0-0D51-4F44-8189-8FAAA8AFBAE8}.Debug|x86.ActiveCfg = Debug|Any CPU
		{F7629FB0-0D51-4F44-8189-8FAAA8AFBAE8}.Debug|x86.Build.0 = Debug|Any CPU
		{F7629FB0-0D51-4F44-8189-8FAAA8AFBAE8}.Release|Any CPU.ActiveCfg = Release|Any CPU
		{F7629FB0-0D51-4F44-8189-8FAAA8AFBAE8}.Release|Any CPU.Build.0 = Release|Any CPU
		{F7629FB0-0D51-4F44-8189-8FAAA8AFBAE8}.Release|x64.ActiveCfg = Release|Any CPU
		{F7629FB0-0D51-4F44-8189-8FAAA8AFBAE8}.Release|x64.Build.0 = Release|Any CPU
		{F7629FB0-0D51-4F44-8189-8FAAA8AFBAE8}.Release|x86.ActiveCfg = Release|Any CPU
		{F7629FB0-0D51-4F44-8189-8FAAA8AFBAE8}.Release|x86.Build.0 = Release|Any CPU
		{50F8002A-39C4-4CCF-A361-FE538EBEBA83}.Debug|Any CPU.ActiveCfg = Debug|Any CPU
		{50F8002A-39C4-4CCF-A361-FE538EBEBA83}.Debug|Any CPU.Build.0 = Debug|Any CPU
		{50F8002A-39C4-4CCF-A361-FE538EBEBA83}.Debug|x64.ActiveCfg = Debug|Any CPU
		{50F8002A-39C4-4CCF-A361-FE538EBEBA83}.Debug|x64.Build.0 = Debug|Any CPU
		{50F8002A-39C4-4CCF-A361-FE538EBEBA83}.Debug|x86.ActiveCfg = Debug|Any CPU
		{50F8002A-39C4-4CCF-A361-FE538EBEBA83}.Debug|x86.Build.0 = Debug|Any CPU
		{50F8002A-39C4-4CCF-A361-FE538EBEBA83}.Release|Any CPU.ActiveCfg = Release|Any CPU
		{50F8002A-39C4-4CCF-A361-FE538EBEBA83}.Release|Any CPU.Build.0 = Release|Any CPU
		{50F8002A-39C4-4CCF-A361-FE538EBEBA83}.Release|x64.ActiveCfg = Release|Any CPU
		{50F8002A-39C4-4CCF-A361-FE538EBEBA83}.Release|x64.Build.0 = Release|Any CPU
		{50F8002A-39C4-4CCF-A361-FE538EBEBA83}.Release|x86.ActiveCfg = Release|Any CPU
		{50F8002A-39C4-4CCF-A361-FE538EBEBA83}.Release|x86.Build.0 = Release|Any CPU
		{F1077577-8FE9-4FA0-94E0-E2A6BCF769E3}.Debug|Any CPU.ActiveCfg = Debug|Any CPU
		{F1077577-8FE9-4FA0-94E0-E2A6BCF769E3}.Debug|Any CPU.Build.0 = Debug|Any CPU
		{F1077577-8FE9-4FA0-94E0-E2A6BCF769E3}.Debug|x64.ActiveCfg = Debug|Any CPU
		{F1077577-8FE9-4FA0-94E0-E2A6BCF769E3}.Debug|x64.Build.0 = Debug|Any CPU
		{F1077577-8FE9-4FA0-94E0-E2A6BCF769E3}.Debug|x86.ActiveCfg = Debug|Any CPU
		{F1077577-8FE9-4FA0-94E0-E2A6BCF769E3}.Debug|x86.Build.0 = Debug|Any CPU
		{F1077577-8FE9-4FA0-94E0-E2A6BCF769E3}.Release|Any CPU.ActiveCfg = Release|Any CPU
		{F1077577-8FE9-4FA0-94E0-E2A6BCF769E3}.Release|Any CPU.Build.0 = Release|Any CPU
		{F1077577-8FE9-4FA0-94E0-E2A6BCF769E3}.Release|x64.ActiveCfg = Release|Any CPU
		{F1077577-8FE9-4FA0-94E0-E2A6BCF769E3}.Release|x64.Build.0 = Release|Any CPU
		{F1077577-8FE9-4FA0-94E0-E2A6BCF769E3}.Release|x86.ActiveCfg = Release|Any CPU
		{F1077577-8FE9-4FA0-94E0-E2A6BCF769E3}.Release|x86.Build.0 = Release|Any CPU
	EndGlobalSection
	GlobalSection(SolutionProperties) = preSolution
		HideSolutionNode = FALSE
	EndGlobalSection
	GlobalSection(NestedProjects) = preSolution
		{F7629FB0-0D51-4F44-8189-8FAAA8AFBAE8} = {827E0CD3-B72D-47B6-A68D-7590B98EB39B}
		{50F8002A-39C4-4CCF-A361-FE538EBEBA83} = {827E0CD3-B72D-47B6-A68D-7590B98EB39B}
		{F1077577-8FE9-4FA0-94E0-E2A6BCF769E3} = {827E0CD3-B72D-47B6-A68D-7590B98EB39B}
	EndGlobalSection
EndGlobal
